
Microsoft Visual Studio Solution File, Format Version 12.00
# Visual Studio 2012
Project("{FAE04EC0-301F-11D3-BF4B-00C04F79EFBC}") = "RedisCacheProvider", "RedisCacheProvider\RedisCacheProvider.csproj", "{976ED023-C7A4-4F4D-B8D3-545993E512D7}"
EndProject
Project("{FAE04EC0-301F-11D3-BF4B-00C04F79EFBC}") = "RedisCacheProviderTests", "RedisCacheProviderTests\RedisCacheProviderTests.csproj", "{0823CDAF-AAED-495B-AD63-8089A6ACBA9A}"
EndProject
Global
	GlobalSection(SolutionConfigurationPlatforms) = preSolution
		Debug|Any CPU = Debug|Any CPU
		Release|Any CPU = Release|Any CPU
	EndGlobalSection
	GlobalSection(ProjectConfigurationPlatforms) = postSolution
		{976ED023-C7A4-4F4D-B8D3-545993E512D7}.Debug|Any CPU.ActiveCfg = Debug|Any CPU
		{976ED023-C7A4-4F4D-B8D3-545993E512D7}.Debug|Any CPU.Build.0 = Debug|Any CPU
		{976ED023-C7A4-4F4D-B8D3-545993E512D7}.Release|Any CPU.ActiveCfg = Release|Any CPU
		{976ED023-C7A4-4F4D-B8D3-545993E512D7}.Release|Any CPU.Build.0 = Release|Any CPU
		{0823CDAF-AAED-495B-AD63-8089A6ACBA9A}.Debug|Any CPU.ActiveCfg = Debug|Any CPU
		{0823CDAF-AAED-495B-AD63-8089A6ACBA9A}.Debug|Any CPU.Build.0 = Debug|Any CPU
		{0823CDAF-AAED-495B-AD63-8089A6ACBA9A}.Release|Any CPU.ActiveCfg = Release|Any CPU
		{0823CDAF-AAED-495B-AD63-8089A6ACBA9A}.Release|Any CPU.Build.0 = Release|Any CPU
	EndGlobalSection
	GlobalSection(SolutionProperties) = preSolution
		HideSolutionNode = FALSE
	EndGlobalSection
EndGlobal
